
Microsoft Visual Studio Solution File, Format Version 12.00
# Visual Studio Version 16
VisualStudioVersion = 16.0.29609.76
MinimumVisualStudioVersion = 10.0.40219.1
Project("{FAE04EC0-301F-11D3-BF4B-00C04F79EFBC}") = "Pokemon", "Pokemon\Pokemon.csproj", "{AD9F5541-74CA-4570-A7EA-EEF788F3A5E8}"
EndProject
Global
	GlobalSection(SolutionConfigurationPlatforms) = preSolution
		Debug|Any CPU = Debug|Any CPU
		Release|Any CPU = Release|Any CPU
	EndGlobalSection
	GlobalSection(ProjectConfigurationPlatforms) = postSolution
		{AD9F5541-74CA-4570-A7EA-EEF788F3A5E8}.Debug|Any CPU.ActiveCfg = Debug|Any CPU
		{AD9F5541-74CA-4570-A7EA-EEF788F3A5E8}.Debug|Any CPU.Build.0 = Debug|Any CPU
		{AD9F5541-74CA-4570-A7EA-EEF788F3A5E8}.Release|Any CPU.ActiveCfg = Release|Any CPU
		{AD9F5541-74CA-4570-A7EA-EEF788F3A5E8}.Release|Any CPU.Build.0 = Release|Any CPU
	EndGlobalSection
	GlobalSection(SolutionProperties) = preSolution
		HideSolutionNode = FALSE
	EndGlobalSection
	GlobalSection(ExtensibilityGlobals) = postSolution
		SolutionGuid = {7A66E3F7-8C39-45A5-9E2A-9E69B4F68FC1}
	EndGlobalSection
EndGlobal
